
Microsoft Visual Studio Solution File, Format Version 12.00
# Visual Studio Version 16
VisualStudioVersion = 16.0.32002.261
MinimumVisualStudioVersion = 10.0.40219.1
Project("{FAE04EC0-301F-11D3-BF4B-00C04F79EFBC}") = "InterfaceKavrami", "InterfaceKavrami\InterfaceKavrami.csproj", "{8C96A7B1-B089-404F-A7EE-208CA719627B}"
EndProject
Global
	GlobalSection(SolutionConfigurationPlatforms) = preSolution
		Debug|Any CPU = Debug|Any CPU
		Release|Any CPU = Release|Any CPU
	EndGlobalSection
	GlobalSection(ProjectConfigurationPlatforms) = postSolution
		{8C96A7B1-B089-404F-A7EE-208CA719627B}.Debug|Any CPU.ActiveCfg = Debug|Any CPU
		{8C96A7B1-B089-404F-A7EE-208CA719627B}.Debug|Any CPU.Build.0 = Debug|Any CPU
		{8C96A7B1-B089-404F-A7EE-208CA719627B}.Release|Any CPU.ActiveCfg = Release|Any CPU
		{8C96A7B1-B089-404F-A7EE-208CA719627B}.Release|Any CPU.Build.0 = Release|Any CPU
	EndGlobalSection
	GlobalSection(SolutionProperties) = preSolution
		HideSolutionNode = FALSE
	EndGlobalSection
	GlobalSection(ExtensibilityGlobals) = postSolution
		SolutionGuid = {D39D71D9-FD5D-4CAB-9ADA-8A5E535786B3}
	EndGlobalSection
EndGlobal
