
Microsoft Visual Studio Solution File, Format Version 12.00
# Visual Studio Version 16
VisualStudioVersion = 16.0.32002.261
MinimumVisualStudioVersion = 10.0.40219.1
Project("{FAE04EC0-301F-11D3-BF4B-00C04F79EFBC}") = "CustomProject.Common", "CustomProject.Common\CustomProject.Common.csproj", "{DB1D099F-4886-4E48-8616-909D6666AB92}"
EndProject
Project("{FAE04EC0-301F-11D3-BF4B-00C04F79EFBC}") = "CustomProject.Entity", "CustomProject.Entity\CustomProject.Entity.csproj", "{0544B34C-6CDC-4F41-9880-5716A97855FF}"
EndProject
Project("{FAE04EC0-301F-11D3-BF4B-00C04F79EFBC}") = "CustomProject.ORM", "CustomProject.ORM\CustomProject.ORM.csproj", "{65FDCE50-52BE-434A-B7A2-514B0962E756}"
EndProject
Global
	GlobalSection(SolutionConfigurationPlatforms) = preSolution
		Debug|Any CPU = Debug|Any CPU
		Release|Any CPU = Release|Any CPU
	EndGlobalSection
	GlobalSection(ProjectConfigurationPlatforms) = postSolution
		{DB1D099F-4886-4E48-8616-909D6666AB92}.Debug|Any CPU.ActiveCfg = Debug|Any CPU
		{DB1D099F-4886-4E48-8616-909D6666AB92}.Debug|Any CPU.Build.0 = Debug|Any CPU
		{DB1D099F-4886-4E48-8616-909D6666AB92}.Release|Any CPU.ActiveCfg = Release|Any CPU
		{DB1D099F-4886-4E48-8616-909D6666AB92}.Release|Any CPU.Build.0 = Release|Any CPU
		{0544B34C-6CDC-4F41-9880-5716A97855FF}.Debug|Any CPU.ActiveCfg = Debug|Any CPU
		{0544B34C-6CDC-4F41-9880-5716A97855FF}.Debug|Any CPU.Build.0 = Debug|Any CPU
		{0544B34C-6CDC-4F41-9880-5716A97855FF}.Release|Any CPU.ActiveCfg = Release|Any CPU
		{0544B34C-6CDC-4F41-9880-5716A97855FF}.Release|Any CPU.Build.0 = Release|Any CPU
		{65FDCE50-52BE-434A-B7A2-514B0962E756}.Debug|Any CPU.ActiveCfg = Debug|Any CPU
		{65FDCE50-52BE-434A-B7A2-514B0962E756}.Debug|Any CPU.Build.0 = Debug|Any CPU
		{65FDCE50-52BE-434A-B7A2-514B0962E756}.Release|Any CPU.ActiveCfg = Release|Any CPU
		{65FDCE50-52BE-434A-B7A2-514B0962E756}.Release|Any CPU.Build.0 = Release|Any CPU
	EndGlobalSection
	GlobalSection(SolutionProperties) = preSolution
		HideSolutionNode = FALSE
	EndGlobalSection
	GlobalSection(ExtensibilityGlobals) = postSolution
		SolutionGuid = {6FFE36B7-C400-47E1-992A-C7BA9FF04805}
	EndGlobalSection
EndGlobal
